
Microsoft Visual Studio Solution File, Format Version 12.00
# Visual Studio Version 16
VisualStudioVersion = 16.0.31019.35
MinimumVisualStudioVersion = 10.0.40219.1
Project("{9A19103F-16F7-4668-BE54-9A1E7A4F7556}") = "Function", "Function1Testing\Function.csproj", "{D6AC85AA-43A6-4501-ABBE-CB3FAB7327BE}"
EndProject
Project("{9A19103F-16F7-4668-BE54-9A1E7A4F7556}") = "UnitTestDayInMonth", "UnittestFunction1\UnitTestDayInMonth.csproj", "{0527A4AC-ABCC-4827-BEAA-7C21764F5BD2}"
EndProject
Project("{9A19103F-16F7-4668-BE54-9A1E7A4F7556}") = "UnitTestValidDate", "UnittestFunction2\UnitTestValidDate.csproj", "{876CDB22-5CD8-451E-BBD3-A55189B02AF5}"
EndProject
Global
	GlobalSection(SolutionConfigurationPlatforms) = preSolution
		Debug|Any CPU = Debug|Any CPU
		Release|Any CPU = Release|Any CPU
	EndGlobalSection
	GlobalSection(ProjectConfigurationPlatforms) = postSolution
		{D6AC85AA-43A6-4501-ABBE-CB3FAB7327BE}.Debug|Any CPU.ActiveCfg = Debug|Any CPU
		{D6AC85AA-43A6-4501-ABBE-CB3FAB7327BE}.Debug|Any CPU.Build.0 = Debug|Any CPU
		{D6AC85AA-43A6-4501-ABBE-CB3FAB7327BE}.Release|Any CPU.ActiveCfg = Release|Any CPU
		{D6AC85AA-43A6-4501-ABBE-CB3FAB7327BE}.Release|Any CPU.Build.0 = Release|Any CPU
		{0527A4AC-ABCC-4827-BEAA-7C21764F5BD2}.Debug|Any CPU.ActiveCfg = Debug|Any CPU
		{0527A4AC-ABCC-4827-BEAA-7C21764F5BD2}.Debug|Any CPU.Build.0 = Debug|Any CPU
		{0527A4AC-ABCC-4827-BEAA-7C21764F5BD2}.Release|Any CPU.ActiveCfg = Release|Any CPU
		{0527A4AC-ABCC-4827-BEAA-7C21764F5BD2}.Release|Any CPU.Build.0 = Release|Any CPU
		{876CDB22-5CD8-451E-BBD3-A55189B02AF5}.Debug|Any CPU.ActiveCfg = Debug|Any CPU
		{876CDB22-5CD8-451E-BBD3-A55189B02AF5}.Debug|Any CPU.Build.0 = Debug|Any CPU
		{876CDB22-5CD8-451E-BBD3-A55189B02AF5}.Release|Any CPU.ActiveCfg = Release|Any CPU
		{876CDB22-5CD8-451E-BBD3-A55189B02AF5}.Release|Any CPU.Build.0 = Release|Any CPU
	EndGlobalSection
	GlobalSection(SolutionProperties) = preSolution
		HideSolutionNode = FALSE
	EndGlobalSection
	GlobalSection(ExtensibilityGlobals) = postSolution
		SolutionGuid = {5804A079-D0F7-4848-909B-99445230778B}
	EndGlobalSection
EndGlobal
